// !$*UTF8*$!
{
	archiveVersion = 1;
	classes = {
	};
	objectVersion = 46;
	objects = {

/* Begin PBXBuildFile section */
		1303B8BD1C8C495300386FFD /* AsyncDispatcher.swift in Sources */ = {isa = PBXBuildFile; fileRef = 1303B8BC1C8C495300386FFD /* AsyncDispatcher.swift */; };
		136FA1F91C833819002569D8 /* SettingTableViewController.swift in Sources */ = {isa = PBXBuildFile; fileRef = 136FA1F81C833819002569D8 /* SettingTableViewController.swift */; };
		139D50021C874DD4008F672B /* BookmarkEditTableViewController.swift in Sources */ = {isa = PBXBuildFile; fileRef = 139D50011C874DD4008F672B /* BookmarkEditTableViewController.swift */; };
		13CCBE731C88AE7100E6600F /* PinboardURLProvider.swift in Sources */ = {isa = PBXBuildFile; fileRef = 13CCBE721C88AE7100E6600F /* PinboardURLProvider.swift */; };
		52B3CBE26508F9850F37E7A2 /* Pods_PinFeed.framework in Frameworks */ = {isa = PBXBuildFile; fileRef = 644D325D02A85EFD3B16AC1D /* Pods_PinFeed.framework */; };
		C7036B121CAA5CC100C6538A /* UINibExtension.swift in Sources */ = {isa = PBXBuildFile; fileRef = C7036B111CAA5CC100C6538A /* UINibExtension.swift */; };
		C706A58A1CA1680A0070908D /* credits.html in Resources */ = {isa = PBXBuildFile; fileRef = C706A5891CA1680A0070908D /* credits.html */; };
		C712FE961C8EF7A9001DCB79 /* UIStoryboardExtension.swift in Sources */ = {isa = PBXBuildFile; fileRef = C712FE951C8EF7A9001DCB79 /* UIStoryboardExtension.swift */; };
		C72B65641C7F240C0061E6EE /* BookmarkCell.swift in Sources */ = {isa = PBXBuildFile; fileRef = C72B65631C7F240C0061E6EE /* BookmarkCell.swift */; };
		C72B65661C7FEB070061E6EE /* Bookmark.swift in Sources */ = {isa = PBXBuildFile; fileRef = C72B65651C7FEB070061E6EE /* Bookmark.swift */; };
		C75A2DBD1C8823D100BF04CE /* BookmarkCell.xib in Resources */ = {isa = PBXBuildFile; fileRef = C75A2DBC1C8823D100BF04CE /* BookmarkCell.xib */; };
		C75E23A01C7AD73D00EBF80A /* AppDelegate.swift in Sources */ = {isa = PBXBuildFile; fileRef = C75E239F1C7AD73D00EBF80A /* AppDelegate.swift */; };
		C75E23A71C7AD73D00EBF80A /* Main.storyboard in Resources */ = {isa = PBXBuildFile; fileRef = C75E23A51C7AD73D00EBF80A /* Main.storyboard */; };
		C75E23A91C7AD73D00EBF80A /* Assets.xcassets in Resources */ = {isa = PBXBuildFile; fileRef = C75E23A81C7AD73D00EBF80A /* Assets.xcassets */; };
		C75E23AC1C7AD73D00EBF80A /* LaunchScreen.storyboard in Resources */ = {isa = PBXBuildFile; fileRef = C75E23AA1C7AD73D00EBF80A /* LaunchScreen.storyboard */; };
		C77C96051CAA2F1A00C315CF /* NSDateExtension.swift in Sources */ = {isa = PBXBuildFile; fileRef = C77C96041CAA2F1A00C315CF /* NSDateExtension.swift */; };
		C77C960A1CAA33DD00C315CF /* URLNotificationView.swift in Sources */ = {isa = PBXBuildFile; fileRef = C77C96081CAA33DD00C315CF /* URLNotificationView.swift */; };
		C77C960B1CAA33DD00C315CF /* URLNotificationView.xib in Resources */ = {isa = PBXBuildFile; fileRef = C77C96091CAA33DD00C315CF /* URLNotificationView.xib */; };
		C77C960E1CAA368600C315CF /* URLNotificationManager.swift in Sources */ = {isa = PBXBuildFile; fileRef = C77C960D1CAA368600C315CF /* URLNotificationManager.swift */; };
		C7D3F04C1C7C935B00FDF058 /* TimelineViewController.swift in Sources */ = {isa = PBXBuildFile; fileRef = C7D3F04A1C7C935B00FDF058 /* TimelineViewController.swift */; };
		C7D3F04D1C7C935B00FDF058 /* BookmarkViewController.swift in Sources */ = {isa = PBXBuildFile; fileRef = C7D3F04B1C7C935B00FDF058 /* BookmarkViewController.swift */; };
		C7D3F0541C7C93A900FDF058 /* SettingViewController.swift in Sources */ = {isa = PBXBuildFile; fileRef = C7D3F0531C7C93A900FDF058 /* SettingViewController.swift */; };
		C7D3F05A1C7C976200FDF058 /* WebViewController.swift in Sources */ = {isa = PBXBuildFile; fileRef = C7D3F0591C7C976200FDF058 /* WebViewController.swift */; };
		C7D3F05C1C7C97A200FDF058 /* WebViewPropertyObserver.swift in Sources */ = {isa = PBXBuildFile; fileRef = C7D3F05B1C7C97A200FDF058 /* WebViewPropertyObserver.swift */; };
		C7D3F05E1C7CA22600FDF058 /* WebKit.framework in Frameworks */ = {isa = PBXBuildFile; fileRef = C7D3F05D1C7CA22600FDF058 /* WebKit.framework */; };
		C7E439C11C815ABC0097B508 /* Setting.swift in Sources */ = {isa = PBXBuildFile; fileRef = C7E439C01C815ABC0097B508 /* Setting.swift */; };
		C7E79C1E1CB8E55E00D26EB8 /* TimelineManager.swift in Sources */ = {isa = PBXBuildFile; fileRef = C7E79C1D1CB8E55E00D26EB8 /* TimelineManager.swift */; };
		C7E79C201CB8E5DC00D26EB8 /* BookmarkManager.swift in Sources */ = {isa = PBXBuildFile; fileRef = C7E79C1F1CB8E5DC00D26EB8 /* BookmarkManager.swift */; };
		C7EA46B11CB48E6F00258B3A /* Recents.swift in Sources */ = {isa = PBXBuildFile; fileRef = C7EA46B01CB48E6F00258B3A /* Recents.swift */; };
		C7EA46B31CB48E7F00258B3A /* Bookmarks.swift in Sources */ = {isa = PBXBuildFile; fileRef = C7EA46B21CB48E7F00258B3A /* Bookmarks.swift */; };
/* End PBXBuildFile section */

/* Begin PBXFileReference section */
		1303B8BC1C8C495300386FFD /* AsyncDispatcher.swift */ = {isa = PBXFileReference; fileEncoding = 4; lastKnownFileType = sourcecode.swift; path = AsyncDispatcher.swift; sourceTree = "<group>"; };
		136FA1F81C833819002569D8 /* SettingTableViewController.swift */ = {isa = PBXFileReference; fileEncoding = 4; lastKnownFileType = sourcecode.swift; path = SettingTableViewController.swift; sourceTree = "<group>"; };
		139D50011C874DD4008F672B /* BookmarkEditTableViewController.swift */ = {isa = PBXFileReference; fileEncoding = 4; lastKnownFileType = sourcecode.swift; path = BookmarkEditTableViewController.swift; sourceTree = "<group>"; };
		13CCBE721C88AE7100E6600F /* PinboardURLProvider.swift */ = {isa = PBXFileReference; fileEncoding = 4; lastKnownFileType = sourcecode.swift; path = PinboardURLProvider.swift; sourceTree = "<group>"; };
		5E6553A0D4C638A7D101CA52 /* Pods-PinFeed.debug.xcconfig */ = {isa = PBXFileReference; includeInIndex = 1; lastKnownFileType = text.xcconfig; name = "Pods-PinFeed.debug.xcconfig"; path = "Pods/Target Support Files/Pods-PinFeed/Pods-PinFeed.debug.xcconfig"; sourceTree = "<group>"; };
		644D325D02A85EFD3B16AC1D /* Pods_PinFeed.framework */ = {isa = PBXFileReference; explicitFileType = wrapper.framework; includeInIndex = 0; path = Pods_PinFeed.framework; sourceTree = BUILT_PRODUCTS_DIR; };
		C7036B111CAA5CC100C6538A /* UINibExtension.swift */ = {isa = PBXFileReference; fileEncoding = 4; lastKnownFileType = sourcecode.swift; path = UINibExtension.swift; sourceTree = "<group>"; };
		C706A5891CA1680A0070908D /* credits.html */ = {isa = PBXFileReference; fileEncoding = 4; lastKnownFileType = text.html; path = credits.html; sourceTree = "<group>"; };
		C712FE951C8EF7A9001DCB79 /* UIStoryboardExtension.swift */ = {isa = PBXFileReference; fileEncoding = 4; lastKnownFileType = sourcecode.swift; path = UIStoryboardExtension.swift; sourceTree = "<group>"; };
		C72B65631C7F240C0061E6EE /* BookmarkCell.swift */ = {isa = PBXFileReference; fileEncoding = 4; lastKnownFileType = sourcecode.swift; path = BookmarkCell.swift; sourceTree = "<group>"; };
		C72B65651C7FEB070061E6EE /* Bookmark.swift */ = {isa = PBXFileReference; fileEncoding = 4; lastKnownFileType = sourcecode.swift; path = Bookmark.swift; sourceTree = "<group>"; };
		C75A2DBC1C8823D100BF04CE /* BookmarkCell.xib */ = {isa = PBXFileReference; fileEncoding = 4; lastKnownFileType = file.xib; path = BookmarkCell.xib; sourceTree = "<group>"; };
		C75E239C1C7AD73D00EBF80A /* PinFeed.app */ = {isa = PBXFileReference; explicitFileType = wrapper.application; includeInIndex = 0; path = PinFeed.app; sourceTree = BUILT_PRODUCTS_DIR; };
		C75E239F1C7AD73D00EBF80A /* AppDelegate.swift */ = {isa = PBXFileReference; lastKnownFileType = sourcecode.swift; path = AppDelegate.swift; sourceTree = "<group>"; };
		C75E23A61C7AD73D00EBF80A /* Base */ = {isa = PBXFileReference; lastKnownFileType = file.storyboard; name = Base; path = Base.lproj/Main.storyboard; sourceTree = "<group>"; };
		C75E23A81C7AD73D00EBF80A /* Assets.xcassets */ = {isa = PBXFileReference; lastKnownFileType = folder.assetcatalog; path = Assets.xcassets; sourceTree = "<group>"; };
		C75E23AB1C7AD73D00EBF80A /* Base */ = {isa = PBXFileReference; lastKnownFileType = file.storyboard; name = Base; path = Base.lproj/LaunchScreen.storyboard; sourceTree = "<group>"; };
		C75E23AD1C7AD73D00EBF80A /* Info.plist */ = {isa = PBXFileReference; lastKnownFileType = text.plist.xml; path = Info.plist; sourceTree = "<group>"; };
		C77C96041CAA2F1A00C315CF /* NSDateExtension.swift */ = {isa = PBXFileReference; fileEncoding = 4; lastKnownFileType = sourcecode.swift; path = NSDateExtension.swift; sourceTree = "<group>"; };
		C77C96081CAA33DD00C315CF /* URLNotificationView.swift */ = {isa = PBXFileReference; fileEncoding = 4; lastKnownFileType = sourcecode.swift; path = URLNotificationView.swift; sourceTree = "<group>"; };
		C77C96091CAA33DD00C315CF /* URLNotificationView.xib */ = {isa = PBXFileReference; fileEncoding = 4; lastKnownFileType = file.xib; path = URLNotificationView.xib; sourceTree = "<group>"; };
		C77C960D1CAA368600C315CF /* URLNotificationManager.swift */ = {isa = PBXFileReference; fileEncoding = 4; lastKnownFileType = sourcecode.swift; path = URLNotificationManager.swift; sourceTree = "<group>"; };
		C7D3F04A1C7C935B00FDF058 /* TimelineViewController.swift */ = {isa = PBXFileReference; fileEncoding = 4; lastKnownFileType = sourcecode.swift; path = TimelineViewController.swift; sourceTree = "<group>"; };
		C7D3F04B1C7C935B00FDF058 /* BookmarkViewController.swift */ = {isa = PBXFileReference; fileEncoding = 4; lastKnownFileType = sourcecode.swift; path = BookmarkViewController.swift; sourceTree = "<group>"; };
		C7D3F0531C7C93A900FDF058 /* SettingViewController.swift */ = {isa = PBXFileReference; fileEncoding = 4; lastKnownFileType = sourcecode.swift; path = SettingViewController.swift; sourceTree = "<group>"; };
		C7D3F0591C7C976200FDF058 /* WebViewController.swift */ = {isa = PBXFileReference; fileEncoding = 4; lastKnownFileType = sourcecode.swift; path = WebViewController.swift; sourceTree = "<group>"; };
		C7D3F05B1C7C97A200FDF058 /* WebViewPropertyObserver.swift */ = {isa = PBXFileReference; fileEncoding = 4; lastKnownFileType = sourcecode.swift; path = WebViewPropertyObserver.swift; sourceTree = "<group>"; };
		C7D3F05D1C7CA22600FDF058 /* WebKit.framework */ = {isa = PBXFileReference; lastKnownFileType = wrapper.framework; name = WebKit.framework; path = System/Library/Frameworks/WebKit.framework; sourceTree = SDKROOT; };
		C7D3F0611C7CAE6200FDF058 /* SafariServices.framework */ = {isa = PBXFileReference; lastKnownFileType = wrapper.framework; name = SafariServices.framework; path = System/Library/Frameworks/SafariServices.framework; sourceTree = SDKROOT; };
		C7E439C01C815ABC0097B508 /* Setting.swift */ = {isa = PBXFileReference; fileEncoding = 4; lastKnownFileType = sourcecode.swift; path = Setting.swift; sourceTree = "<group>"; };
		C7E79C1D1CB8E55E00D26EB8 /* TimelineManager.swift */ = {isa = PBXFileReference; fileEncoding = 4; lastKnownFileType = sourcecode.swift; path = TimelineManager.swift; sourceTree = "<group>"; };
		C7E79C1F1CB8E5DC00D26EB8 /* BookmarkManager.swift */ = {isa = PBXFileReference; fileEncoding = 4; lastKnownFileType = sourcecode.swift; path = BookmarkManager.swift; sourceTree = "<group>"; };
		C7EA46B01CB48E6F00258B3A /* Recents.swift */ = {isa = PBXFileReference; fileEncoding = 4; lastKnownFileType = sourcecode.swift; path = Recents.swift; sourceTree = "<group>"; };
		C7EA46B21CB48E7F00258B3A /* Bookmarks.swift */ = {isa = PBXFileReference; fileEncoding = 4; lastKnownFileType = sourcecode.swift; path = Bookmarks.swift; sourceTree = "<group>"; };
		F3791CECCBB519976862F604 /* Pods-PinFeed.release.xcconfig */ = {isa = PBXFileReference; includeInIndex = 1; lastKnownFileType = text.xcconfig; name = "Pods-PinFeed.release.xcconfig"; path = "Pods/Target Support Files/Pods-PinFeed/Pods-PinFeed.release.xcconfig"; sourceTree = "<group>"; };
/* End PBXFileReference section */

/* Begin PBXFrameworksBuildPhase section */
		C75E23991C7AD73D00EBF80A /* Frameworks */ = {
			isa = PBXFrameworksBuildPhase;
			buildActionMask = 2147483647;
			files = (
				C7D3F05E1C7CA22600FDF058 /* WebKit.framework in Frameworks */,
				52B3CBE26508F9850F37E7A2 /* Pods_PinFeed.framework in Frameworks */,
			);
			runOnlyForDeploymentPostprocessing = 0;
		};
/* End PBXFrameworksBuildPhase section */

/* Begin PBXGroup section */
		0702DF90EAE7ACF06BF33E53 /* Pods */ = {
			isa = PBXGroup;
			children = (
				5E6553A0D4C638A7D101CA52 /* Pods-PinFeed.debug.xcconfig */,
				F3791CECCBB519976862F604 /* Pods-PinFeed.release.xcconfig */,
			);
			name = Pods;
			sourceTree = "<group>";
		};
		48E99C54B44D6B097220D589 /* Frameworks */ = {
			isa = PBXGroup;
			children = (
				644D325D02A85EFD3B16AC1D /* Pods_PinFeed.framework */,
			);
			name = Frameworks;
			sourceTree = "<group>";
		};
		C706A5881CA1680A0070908D /* Resources */ = {
			isa = PBXGroup;
			children = (
				C706A5891CA1680A0070908D /* credits.html */,
			);
			path = Resources;
			sourceTree = "<group>";
		};
		C712FE941C8EF7A9001DCB79 /* Extensions */ = {
			isa = PBXGroup;
			children = (
				C712FE951C8EF7A9001DCB79 /* UIStoryboardExtension.swift */,
				C7036B111CAA5CC100C6538A /* UINibExtension.swift */,
				C77C96041CAA2F1A00C315CF /* NSDateExtension.swift */,
			);
			path = Extensions;
			sourceTree = "<group>";
		};
		C75E23931C7AD73C00EBF80A = {
			isa = PBXGroup;
			children = (
				C7D3F0611C7CAE6200FDF058 /* SafariServices.framework */,
				C7D3F05D1C7CA22600FDF058 /* WebKit.framework */,
				C75E239E1C7AD73D00EBF80A /* PinFeed */,
				C75E239D1C7AD73D00EBF80A /* Products */,
				0702DF90EAE7ACF06BF33E53 /* Pods */,
				48E99C54B44D6B097220D589 /* Frameworks */,
			);
			sourceTree = "<group>";
		};
		C75E239D1C7AD73D00EBF80A /* Products */ = {
			isa = PBXGroup;
			children = (
				C75E239C1C7AD73D00EBF80A /* PinFeed.app */,
			);
			name = Products;
			sourceTree = "<group>";
		};
		C75E239E1C7AD73D00EBF80A /* PinFeed */ = {
			isa = PBXGroup;
			children = (
				C77C960C1CAA368600C315CF /* Managers */,
				C706A5881CA1680A0070908D /* Resources */,
				C712FE941C8EF7A9001DCB79 /* Extensions */,
				C7D3F04F1C7C936D00FDF058 /* Helpers */,
				C7D3F0511C7C936D00FDF058 /* Models */,
				C7D3F0521C7C936D00FDF058 /* Views */,
				C7D3F0491C7C935B00FDF058 /* ViewControllers */,
				C75E239F1C7AD73D00EBF80A /* AppDelegate.swift */,
				C75E23A51C7AD73D00EBF80A /* Main.storyboard */,
				C75E23A81C7AD73D00EBF80A /* Assets.xcassets */,
				C75E23AA1C7AD73D00EBF80A /* LaunchScreen.storyboard */,
				C75E23AD1C7AD73D00EBF80A /* Info.plist */,
			);
			path = PinFeed;
			sourceTree = "<group>";
		};
		C77C960C1CAA368600C315CF /* Managers */ = {
			isa = PBXGroup;
			children = (
				C77C960D1CAA368600C315CF /* URLNotificationManager.swift */,
				C7E79C1D1CB8E55E00D26EB8 /* TimelineManager.swift */,
				C7E79C1F1CB8E5DC00D26EB8 /* BookmarkManager.swift */,
			);
			path = Managers;
			sourceTree = "<group>";
		};
		C7D3F0491C7C935B00FDF058 /* ViewControllers */ = {
			isa = PBXGroup;
			children = (
				C7D3F04A1C7C935B00FDF058 /* TimelineViewController.swift */,
				C7D3F04B1C7C935B00FDF058 /* BookmarkViewController.swift */,
				C7D3F0531C7C93A900FDF058 /* SettingViewController.swift */,
				136FA1F81C833819002569D8 /* SettingTableViewController.swift */,
				139D50011C874DD4008F672B /* BookmarkEditTableViewController.swift */,
				C7D3F0591C7C976200FDF058 /* WebViewController.swift */,
			);
			path = ViewControllers;
			sourceTree = "<group>";
		};
		C7D3F04F1C7C936D00FDF058 /* Helpers */ = {
			isa = PBXGroup;
			children = (
				C7D3F05B1C7C97A200FDF058 /* WebViewPropertyObserver.swift */,
				13CCBE721C88AE7100E6600F /* PinboardURLProvider.swift */,
				1303B8BC1C8C495300386FFD /* AsyncDispatcher.swift */,
			);
			path = Helpers;
			sourceTree = "<group>";
		};
		C7D3F0511C7C936D00FDF058 /* Models */ = {
			isa = PBXGroup;
			children = (
				C72B65651C7FEB070061E6EE /* Bookmark.swift */,
				C7E439C01C815ABC0097B508 /* Setting.swift */,
				C7EA46B01CB48E6F00258B3A /* Recents.swift */,
				C7EA46B21CB48E7F00258B3A /* Bookmarks.swift */,
			);
			path = Models;
			sourceTree = "<group>";
		};
		C7D3F0521C7C936D00FDF058 /* Views */ = {
			isa = PBXGroup;
			children = (
				C77C96081CAA33DD00C315CF /* URLNotificationView.swift */,
				C77C96091CAA33DD00C315CF /* URLNotificationView.xib */,
				C72B65631C7F240C0061E6EE /* BookmarkCell.swift */,
				C75A2DBC1C8823D100BF04CE /* BookmarkCell.xib */,
			);
			path = Views;
			sourceTree = "<group>";
		};
/* End PBXGroup section */

/* Begin PBXNativeTarget section */
		C75E239B1C7AD73D00EBF80A /* PinFeed */ = {
			isa = PBXNativeTarget;
			buildConfigurationList = C75E23B01C7AD73D00EBF80A /* Build configuration list for PBXNativeTarget "PinFeed" */;
			buildPhases = (
				6BC2D90B2D440FE9D286CA86 /* 📦 Check Pods Manifest.lock */,
				C75E23981C7AD73D00EBF80A /* Sources */,
				C75E23991C7AD73D00EBF80A /* Frameworks */,
				C75E239A1C7AD73D00EBF80A /* Resources */,
				DE620AA3F54142E377102C44 /* 📦 Embed Pods Frameworks */,
				88B0144BFB2BCD374DCEF62F /* 📦 Copy Pods Resources */,
			);
			buildRules = (
			);
			dependencies = (
			);
			name = PinFeed;
			productName = PinFeed;
			productReference = C75E239C1C7AD73D00EBF80A /* PinFeed.app */;
			productType = "com.apple.product-type.application";
		};
/* End PBXNativeTarget section */

/* Begin PBXProject section */
		C75E23941C7AD73C00EBF80A /* Project object */ = {
			isa = PBXProject;
			attributes = {
				LastSwiftUpdateCheck = 0720;
				LastUpgradeCheck = 0720;
				ORGANIZATIONNAME = "Shogo Sensui";
				TargetAttributes = {
					C75E239B1C7AD73D00EBF80A = {
						CreatedOnToolsVersion = 7.2.1;
						DevelopmentTeam = NZR22QGKNQ;
					};
				};
			};
			buildConfigurationList = C75E23971C7AD73C00EBF80A /* Build configuration list for PBXProject "PinFeed" */;
			compatibilityVersion = "Xcode 3.2";
			developmentRegion = English;
			hasScannedForEncodings = 0;
			knownRegions = (
				en,
				Base,
			);
			mainGroup = C75E23931C7AD73C00EBF80A;
			productRefGroup = C75E239D1C7AD73D00EBF80A /* Products */;
			projectDirPath = "";
			projectRoot = "";
			targets = (
				C75E239B1C7AD73D00EBF80A /* PinFeed */,
			);
		};
/* End PBXProject section */

/* Begin PBXResourcesBuildPhase section */
		C75E239A1C7AD73D00EBF80A /* Resources */ = {
			isa = PBXResourcesBuildPhase;
			buildActionMask = 2147483647;
			files = (
				C706A58A1CA1680A0070908D /* credits.html in Resources */,
				C77C960B1CAA33DD00C315CF /* URLNotificationView.xib in Resources */,
				C75E23AC1C7AD73D00EBF80A /* LaunchScreen.storyboard in Resources */,
				C75E23A91C7AD73D00EBF80A /* Assets.xcassets in Resources */,
				C75E23A71C7AD73D00EBF80A /* Main.storyboard in Resources */,
				C75A2DBD1C8823D100BF04CE /* BookmarkCell.xib in Resources */,
			);
			runOnlyForDeploymentPostprocessing = 0;
		};
/* End PBXResourcesBuildPhase section */

/* Begin PBXShellScriptBuildPhase section */
		6BC2D90B2D440FE9D286CA86 /* 📦 Check Pods Manifest.lock */ = {
			isa = PBXShellScriptBuildPhase;
			buildActionMask = 2147483647;
			files = (
			);
			inputPaths = (
			);
			name = "📦 Check Pods Manifest.lock";
			outputPaths = (
			);
			runOnlyForDeploymentPostprocessing = 0;
			shellPath = /bin/sh;
			shellScript = "diff \"${PODS_ROOT}/../Podfile.lock\" \"${PODS_ROOT}/Manifest.lock\" > /dev/null\nif [[ $? != 0 ]] ; then\n    cat << EOM\nerror: The sandbox is not in sync with the Podfile.lock. Run 'pod install' or update your CocoaPods installation.\nEOM\n    exit 1\nfi\n";
			showEnvVarsInLog = 0;
		};
		88B0144BFB2BCD374DCEF62F /* 📦 Copy Pods Resources */ = {
			isa = PBXShellScriptBuildPhase;
			buildActionMask = 2147483647;
			files = (
			);
			inputPaths = (
			);
			name = "📦 Copy Pods Resources";
			outputPaths = (
			);
			runOnlyForDeploymentPostprocessing = 0;
			shellPath = /bin/sh;
			shellScript = "\"${SRCROOT}/Pods/Target Support Files/Pods-PinFeed/Pods-PinFeed-resources.sh\"\n";
			showEnvVarsInLog = 0;
		};
		DE620AA3F54142E377102C44 /* 📦 Embed Pods Frameworks */ = {
			isa = PBXShellScriptBuildPhase;
			buildActionMask = 2147483647;
			files = (
			);
			inputPaths = (
			);
			name = "📦 Embed Pods Frameworks";
			outputPaths = (
			);
			runOnlyForDeploymentPostprocessing = 0;
			shellPath = /bin/sh;
			shellScript = "\"${SRCROOT}/Pods/Target Support Files/Pods-PinFeed/Pods-PinFeed-frameworks.sh\"\n";
			showEnvVarsInLog = 0;
		};
/* End PBXShellScriptBuildPhase section */

/* Begin PBXSourcesBuildPhase section */
		C75E23981C7AD73D00EBF80A /* Sources */ = {
			isa = PBXSourcesBuildPhase;
			buildActionMask = 2147483647;
			files = (
				C77C960E1CAA368600C315CF /* URLNotificationManager.swift in Sources */,
				C7E439C11C815ABC0097B508 /* Setting.swift in Sources */,
				13CCBE731C88AE7100E6600F /* PinboardURLProvider.swift in Sources */,
				C7D3F05C1C7C97A200FDF058 /* WebViewPropertyObserver.swift in Sources */,
				C7D3F04D1C7C935B00FDF058 /* BookmarkViewController.swift in Sources */,
				C75E23A01C7AD73D00EBF80A /* AppDelegate.swift in Sources */,
				1303B8BD1C8C495300386FFD /* AsyncDispatcher.swift in Sources */,
				C7E79C201CB8E5DC00D26EB8 /* BookmarkManager.swift in Sources */,
				C712FE961C8EF7A9001DCB79 /* UIStoryboardExtension.swift in Sources */,
				C7D3F04C1C7C935B00FDF058 /* TimelineViewController.swift in Sources */,
				C72B65641C7F240C0061E6EE /* BookmarkCell.swift in Sources */,
				C77C960A1CAA33DD00C315CF /* URLNotificationView.swift in Sources */,
				C7EA46B31CB48E7F00258B3A /* Bookmarks.swift in Sources */,
				C7036B121CAA5CC100C6538A /* UINibExtension.swift in Sources */,
				C7D3F05A1C7C976200FDF058 /* WebViewController.swift in Sources */,
				C7E79C1E1CB8E55E00D26EB8 /* TimelineManager.swift in Sources */,
				136FA1F91C833819002569D8 /* SettingTableViewController.swift in Sources */,
				C77C96051CAA2F1A00C315CF /* NSDateExtension.swift in Sources */,
				139D50021C874DD4008F672B /* BookmarkEditTableViewController.swift in Sources */,
				C7D3F0541C7C93A900FDF058 /* SettingViewController.swift in Sources */,
				C7EA46B11CB48E6F00258B3A /* Recents.swift in Sources */,
				C72B65661C7FEB070061E6EE /* Bookmark.swift in Sources */,
			);
			runOnlyForDeploymentPostprocessing = 0;
		};
/* End PBXSourcesBuildPhase section */

/* Begin PBXVariantGroup section */
		C75E23A51C7AD73D00EBF80A /* Main.storyboard */ = {
			isa = PBXVariantGroup;
			children = (
				C75E23A61C7AD73D00EBF80A /* Base */,
			);
			name = Main.storyboard;
			sourceTree = "<group>";
		};
		C75E23AA1C7AD73D00EBF80A /* LaunchScreen.storyboard */ = {
			isa = PBXVariantGroup;
			children = (
				C75E23AB1C7AD73D00EBF80A /* Base */,
			);
			name = LaunchScreen.storyboard;
			sourceTree = "<group>";
		};
/* End PBXVariantGroup section */

/* Begin XCBuildConfiguration section */
		C75E23AE1C7AD73D00EBF80A /* Debug */ = {
			isa = XCBuildConfiguration;
			buildSettings = {
				ALWAYS_SEARCH_USER_PATHS = NO;
				CLANG_CXX_LANGUAGE_STANDARD = "gnu++0x";
				CLANG_CXX_LIBRARY = "libc++";
				CLANG_ENABLE_MODULES = YES;
				CLANG_ENABLE_OBJC_ARC = YES;
				CLANG_WARN_BOOL_CONVERSION = YES;
				CLANG_WARN_CONSTANT_CONVERSION = YES;
				CLANG_WARN_DIRECT_OBJC_ISA_USAGE = YES_ERROR;
				CLANG_WARN_EMPTY_BODY = YES;
				CLANG_WARN_ENUM_CONVERSION = YES;
				CLANG_WARN_INT_CONVERSION = YES;
				CLANG_WARN_OBJC_ROOT_CLASS = YES_ERROR;
				CLANG_WARN_UNREACHABLE_CODE = YES;
				CLANG_WARN__DUPLICATE_METHOD_MATCH = YES;
				CODE_SIGN_IDENTITY = "iPhone Developer: Shogo Sensui (3KMSQE6929)";
				"CODE_SIGN_IDENTITY[sdk=iphoneos*]" = "iPhone Developer: Shogo Sensui (3KMSQE6929)";
				COPY_PHASE_STRIP = NO;
				DEBUG_INFORMATION_FORMAT = dwarf;
				ENABLE_STRICT_OBJC_MSGSEND = YES;
				ENABLE_TESTABILITY = YES;
				GCC_C_LANGUAGE_STANDARD = gnu99;
				GCC_DYNAMIC_NO_PIC = NO;
				GCC_NO_COMMON_BLOCKS = YES;
				GCC_OPTIMIZATION_LEVEL = 0;
				GCC_PREPROCESSOR_DEFINITIONS = (
					"DEBUG=1",
					"$(inherited)",
				);
				GCC_WARN_64_TO_32_BIT_CONVERSION = YES;
				GCC_WARN_ABOUT_RETURN_TYPE = YES_ERROR;
				GCC_WARN_UNDECLARED_SELECTOR = YES;
				GCC_WARN_UNINITIALIZED_AUTOS = YES_AGGRESSIVE;
				GCC_WARN_UNUSED_FUNCTION = YES;
				GCC_WARN_UNUSED_VARIABLE = YES;
				IPHONEOS_DEPLOYMENT_TARGET = 9.0;
				MTL_ENABLE_DEBUG_INFO = YES;
				ONLY_ACTIVE_ARCH = YES;
				SDKROOT = iphoneos;
				SWIFT_OPTIMIZATION_LEVEL = "-Onone";
				TARGETED_DEVICE_FAMILY = "1,2";
			};
			name = Debug;
		};
		C75E23AF1C7AD73D00EBF80A /* Release */ = {
			isa = XCBuildConfiguration;
			buildSettings = {
				ALWAYS_SEARCH_USER_PATHS = NO;
				CLANG_CXX_LANGUAGE_STANDARD = "gnu++0x";
				CLANG_CXX_LIBRARY = "libc++";
				CLANG_ENABLE_MODULES = YES;
				CLANG_ENABLE_OBJC_ARC = YES;
				CLANG_WARN_BOOL_CONVERSION = YES;
				CLANG_WARN_CONSTANT_CONVERSION = YES;
				CLANG_WARN_DIRECT_OBJC_ISA_USAGE = YES_ERROR;
				CLANG_WARN_EMPTY_BODY = YES;
				CLANG_WARN_ENUM_CONVERSION = YES;
				CLANG_WARN_INT_CONVERSION = YES;
				CLANG_WARN_OBJC_ROOT_CLASS = YES_ERROR;
				CLANG_WARN_UNREACHABLE_CODE = YES;
				CLANG_WARN__DUPLICATE_METHOD_MATCH = YES;
				CODE_SIGN_IDENTITY = "iPhone Distribution: Shogo Sensui (NZR22QGKNQ)";
				"CODE_SIGN_IDENTITY[sdk=iphoneos*]" = "iPhone Distribution: Shogo Sensui (NZR22QGKNQ)";
				COPY_PHASE_STRIP = NO;
				DEBUG_INFORMATION_FORMAT = "dwarf-with-dsym";
				ENABLE_NS_ASSERTIONS = NO;
				ENABLE_STRICT_OBJC_MSGSEND = YES;
				GCC_C_LANGUAGE_STANDARD = gnu99;
				GCC_NO_COMMON_BLOCKS = YES;
				GCC_WARN_64_TO_32_BIT_CONVERSION = YES;
				GCC_WARN_ABOUT_RETURN_TYPE = YES_ERROR;
				GCC_WARN_UNDECLARED_SELECTOR = YES;
				GCC_WARN_UNINITIALIZED_AUTOS = YES_AGGRESSIVE;
				GCC_WARN_UNUSED_FUNCTION = YES;
				GCC_WARN_UNUSED_VARIABLE = YES;
				IPHONEOS_DEPLOYMENT_TARGET = 9.0;
				MTL_ENABLE_DEBUG_INFO = NO;
				PROVISIONING_PROFILE = "56e580dc-b454-457f-bf71-65247aa72c07";
				SDKROOT = iphoneos;
				TARGETED_DEVICE_FAMILY = "1,2";
				VALIDATE_PRODUCT = YES;
			};
			name = Release;
		};
		C75E23B11C7AD73D00EBF80A /* Debug */ = {
			isa = XCBuildConfiguration;
			baseConfigurationReference = 5E6553A0D4C638A7D101CA52 /* Pods-PinFeed.debug.xcconfig */;
			buildSettings = {
				ASSETCATALOG_COMPILER_APPICON_NAME = AppIcon;
				CODE_SIGN_IDENTITY = "iPhone Developer";
				"CODE_SIGN_IDENTITY[sdk=iphoneos*]" = "iPhone Developer";
				FRAMEWORK_SEARCH_PATHS = (
					"$(inherited)",
					"$(SDKROOT)$(SYSTEM_LIBRARY_DIR)/PrivateFrameworks",
				);
				INFOPLIST_FILE = PinFeed/Info.plist;
				IPHONEOS_DEPLOYMENT_TARGET = 9.0;
				LD_RUNPATH_SEARCH_PATHS = "$(inherited) @executable_path/Frameworks";
				PRODUCT_BUNDLE_IDENTIFIER = net.1000ch.PinFeed;
				PRODUCT_NAME = "$(TARGET_NAME)";
				PROVISIONING_PROFILE = "";
				TARGETED_DEVICE_FAMILY = 1;
			};
			name = Debug;
		};
		C75E23B21C7AD73D00EBF80A /* Release */ = {
			isa = XCBuildConfiguration;
			baseConfigurationReference = F3791CECCBB519976862F604 /* Pods-PinFeed.release.xcconfig */;
			buildSettings = {
				ASSETCATALOG_COMPILER_APPICON_NAME = AppIcon;
				CODE_SIGN_IDENTITY = "iPhone Developer";
				"CODE_SIGN_IDENTITY[sdk=iphoneos*]" = "iPhone Developer";
				FRAMEWORK_SEARCH_PATHS = (
					"$(inherited)",
					"$(SDKROOT)$(SYSTEM_LIBRARY_DIR)/PrivateFrameworks",
				);
				INFOPLIST_FILE = PinFeed/Info.plist;
				IPHONEOS_DEPLOYMENT_TARGET = 9.0;
				LD_RUNPATH_SEARCH_PATHS = "$(inherited) @executable_path/Frameworks";
				PRODUCT_BUNDLE_IDENTIFIER = net.1000ch.PinFeed;
				PRODUCT_NAME = "$(TARGET_NAME)";
				PROVISIONING_PROFILE = "";
				TARGETED_DEVICE_FAMILY = 1;
			};
			name = Release;
		};
/* End XCBuildConfiguration section */

/* Begin XCConfigurationList section */
		C75E23971C7AD73C00EBF80A /* Build configuration list for PBXProject "PinFeed" */ = {
			isa = XCConfigurationList;
			buildConfigurations = (
				C75E23AE1C7AD73D00EBF80A /* Debug */,
				C75E23AF1C7AD73D00EBF80A /* Release */,
			);
			defaultConfigurationIsVisible = 0;
			defaultConfigurationName = Release;
		};
		C75E23B01C7AD73D00EBF80A /* Build configuration list for PBXNativeTarget "PinFeed" */ = {
			isa = XCConfigurationList;
			buildConfigurations = (
				C75E23B11C7AD73D00EBF80A /* Debug */,
				C75E23B21C7AD73D00EBF80A /* Release */,
			);
			defaultConfigurationIsVisible = 0;
			defaultConfigurationName = Release;
		};
/* End XCConfigurationList section */
	};
	rootObject = C75E23941C7AD73C00EBF80A /* Project object */;
}
